
Microsoft Visual Studio Solution File, Format Version 12.00
# Visual Studio Version 17
VisualStudioVersion = 17.4.33110.190
MinimumVisualStudioVersion = 10.0.40219.1
Project("{FAE04EC0-301F-11D3-BF4B-00C04F79EFBC}") = "SalvarImagemPessoa", "SalvarImagemPessoa\SalvarImagemPessoa.csproj", "{DA86C922-6208-42A1-AF58-DD9CE7195F6C}"
EndProject
Global
	GlobalSection(SolutionConfigurationPlatforms) = preSolution
		Debug|Any CPU = Debug|Any CPU
		Release|Any CPU = Release|Any CPU
	EndGlobalSection
	GlobalSection(ProjectConfigurationPlatforms) = postSolution
		{DA86C922-6208-42A1-AF58-DD9CE7195F6C}.Debug|Any CPU.ActiveCfg = Debug|Any CPU
		{DA86C922-6208-42A1-AF58-DD9CE7195F6C}.Debug|Any CPU.Build.0 = Debug|Any CPU
		{DA86C922-6208-42A1-AF58-DD9CE7195F6C}.Release|Any CPU.ActiveCfg = Release|Any CPU
		{DA86C922-6208-42A1-AF58-DD9CE7195F6C}.Release|Any CPU.Build.0 = Release|Any CPU
	EndGlobalSection
	GlobalSection(SolutionProperties) = preSolution
		HideSolutionNode = FALSE
	EndGlobalSection
	GlobalSection(ExtensibilityGlobals) = postSolution
		SolutionGuid = {E12109FA-F2B9-43CB-BF91-7AFE868CF559}
	EndGlobalSection
EndGlobal
